
Microsoft Visual Studio Solution File, Format Version 12.00
# Visual Studio Version 16
VisualStudioVersion = 16.0.29709.97
MinimumVisualStudioVersion = 10.0.40219.1
Project("{9A19103F-16F7-4668-BE54-9A1E7A4F7556}") = "OfflineCodeChallenge", "OfflineCodeChallenge.csproj", "{636DE655-D068-4526-B190-572309B7F35F}"
EndProject
Project("{FAE04EC0-301F-11D3-BF4B-00C04F79EFBC}") = "OfflineCodeChallengeTests1", "..\OfflineCodeChallengeTests1\OfflineCodeChallengeTests1.csproj", "{7501C5F0-D4F5-4945-A307-46FEA1EB4B95}"
EndProject
Global
	GlobalSection(SolutionConfigurationPlatforms) = preSolution
		Debug|Any CPU = Debug|Any CPU
		Release|Any CPU = Release|Any CPU
	EndGlobalSection
	GlobalSection(ProjectConfigurationPlatforms) = postSolution
		{636DE655-D068-4526-B190-572309B7F35F}.Debug|Any CPU.ActiveCfg = Debug|Any CPU
		{636DE655-D068-4526-B190-572309B7F35F}.Debug|Any CPU.Build.0 = Debug|Any CPU
		{636DE655-D068-4526-B190-572309B7F35F}.Release|Any CPU.ActiveCfg = Release|Any CPU
		{636DE655-D068-4526-B190-572309B7F35F}.Release|Any CPU.Build.0 = Release|Any CPU
		{7501C5F0-D4F5-4945-A307-46FEA1EB4B95}.Debug|Any CPU.ActiveCfg = Debug|Any CPU
		{7501C5F0-D4F5-4945-A307-46FEA1EB4B95}.Debug|Any CPU.Build.0 = Debug|Any CPU
		{7501C5F0-D4F5-4945-A307-46FEA1EB4B95}.Release|Any CPU.ActiveCfg = Release|Any CPU
		{7501C5F0-D4F5-4945-A307-46FEA1EB4B95}.Release|Any CPU.Build.0 = Release|Any CPU
	EndGlobalSection
	GlobalSection(SolutionProperties) = preSolution
		HideSolutionNode = FALSE
	EndGlobalSection
	GlobalSection(ExtensibilityGlobals) = postSolution
		SolutionGuid = {590CC7C1-C6EC-428B-BDB7-9FFB1BFEBE0A}
	EndGlobalSection
EndGlobal
